
Microsoft Visual Studio Solution File, Format Version 12.00
# Visual Studio Version 17
VisualStudioVersion = 17.3.32901.215
MinimumVisualStudioVersion = 10.0.40219.1
Project("{FAE04EC0-301F-11D3-BF4B-00C04F79EFBC}") = "HelloWorld", "HelloWorld\HelloWorld.csproj", "{66245277-0BFC-4E3A-BAC3-5805EB3B7D1C}"
EndProject
Global
	GlobalSection(SolutionConfigurationPlatforms) = preSolution
		Debug|Any CPU = Debug|Any CPU
		Release|Any CPU = Release|Any CPU
	EndGlobalSection
	GlobalSection(ProjectConfigurationPlatforms) = postSolution
		{66245277-0BFC-4E3A-BAC3-5805EB3B7D1C}.Debug|Any CPU.ActiveCfg = Debug|Any CPU
		{66245277-0BFC-4E3A-BAC3-5805EB3B7D1C}.Debug|Any CPU.Build.0 = Debug|Any CPU
		{66245277-0BFC-4E3A-BAC3-5805EB3B7D1C}.Release|Any CPU.ActiveCfg = Release|Any CPU
		{66245277-0BFC-4E3A-BAC3-5805EB3B7D1C}.Release|Any CPU.Build.0 = Release|Any CPU
	EndGlobalSection
	GlobalSection(SolutionProperties) = preSolution
		HideSolutionNode = FALSE
	EndGlobalSection
	GlobalSection(ExtensibilityGlobals) = postSolution
		SolutionGuid = {DFC394AF-79B5-405C-BAEA-22C7793273F1}
	EndGlobalSection
EndGlobal
